Microsoft Visual Studio Solution File, Format Version 12.00
# Visual Studio Version 17
VisualStudioVersion = 17.5.2.0
MinimumVisualStudioVersion = 10.0.40219.1
Project("{FAE04EC0-301F-11D3-BF4B-00C04F79EFBC}") = "livrocsharp", "livrocsharp\livrocsharp.csproj", "{23171DC1-65BF-1767-37AB-BA54F9A4AF1B}"
EndProject
Global
	GlobalSection(SolutionConfigurationPlatforms) = preSolution
		Debug|Any CPU = Debug|Any CPU
		Release|Any CPU = Release|Any CPU
	EndGlobalSection
	GlobalSection(ProjectConfigurationPlatforms) = postSolution
		{23171DC1-65BF-1767-37AB-BA54F9A4AF1B}.Debug|Any CPU.ActiveCfg = Debug|Any CPU
		{23171DC1-65BF-1767-37AB-BA54F9A4AF1B}.Debug|Any CPU.Build.0 = Debug|Any CPU
		{23171DC1-65BF-1767-37AB-BA54F9A4AF1B}.Release|Any CPU.ActiveCfg = Release|Any CPU
		{23171DC1-65BF-1767-37AB-BA54F9A4AF1B}.Release|Any CPU.Build.0 = Release|Any CPU
	EndGlobalSection
	GlobalSection(SolutionProperties) = preSolution
		HideSolutionNode = FALSE
	EndGlobalSection
	GlobalSection(ExtensibilityGlobals) = postSolution
		SolutionGuid = {48EF5DB6-8C9F-4287-92B0-7A4F7BBA13D9}
	EndGlobalSection
EndGlobal
