
Microsoft Visual Studio Solution File, Format Version 12.00
# Visual Studio Version 17
VisualStudioVersion = 17.0.31903.59
MinimumVisualStudioVersion = 10.0.40219.1
Project("{2150E333-8FDC-42A3-9474-1A3956D46DE8}") = "livrocsharp", "livrocsharp", "{D8A99970-F0FE-434C-AD44-806D81F4BA47}"
EndProject
Project("{FAE04EC0-301F-11D3-BF4B-00C04F79EFBC}") = "cap3", "livrocsharp\cap3\cap3.csproj", "{310FBB6A-CFFA-4B83-B733-21805665DCA9}"
EndProject
Global
	GlobalSection(SolutionConfigurationPlatforms) = preSolution
		Debug|Any CPU = Debug|Any CPU
		Release|Any CPU = Release|Any CPU
	EndGlobalSection
	GlobalSection(SolutionProperties) = preSolution
		HideSolutionNode = FALSE
	EndGlobalSection
	GlobalSection(ProjectConfigurationPlatforms) = postSolution
		{310FBB6A-CFFA-4B83-B733-21805665DCA9}.Debug|Any CPU.ActiveCfg = Debug|Any CPU
		{310FBB6A-CFFA-4B83-B733-21805665DCA9}.Debug|Any CPU.Build.0 = Debug|Any CPU
		{310FBB6A-CFFA-4B83-B733-21805665DCA9}.Release|Any CPU.ActiveCfg = Release|Any CPU
		{310FBB6A-CFFA-4B83-B733-21805665DCA9}.Release|Any CPU.Build.0 = Release|Any CPU
	EndGlobalSection
	GlobalSection(NestedProjects) = preSolution
		{310FBB6A-CFFA-4B83-B733-21805665DCA9} = {D8A99970-F0FE-434C-AD44-806D81F4BA47}
	EndGlobalSection
EndGlobal
