
Microsoft Visual Studio Solution File, Format Version 12.00
# Visual Studio Version 17
VisualStudioVersion = 17.0.31903.59
MinimumVisualStudioVersion = 10.0.40219.1
Project("{FAE04EC0-301F-11D3-BF4B-00C04F79EFBC}") = "cap3", "cap3.csproj", "{ECD527FC-E1D3-4796-8DD8-E3D389EDE439}"
EndProject
Global
	GlobalSection(SolutionConfigurationPlatforms) = preSolution
		Debug|Any CPU = Debug|Any CPU
		Release|Any CPU = Release|Any CPU
	EndGlobalSection
	GlobalSection(SolutionProperties) = preSolution
		HideSolutionNode = FALSE
	EndGlobalSection
	GlobalSection(ProjectConfigurationPlatforms) = postSolution
		{ECD527FC-E1D3-4796-8DD8-E3D389EDE439}.Debug|Any CPU.ActiveCfg = Debug|Any CPU
		{ECD527FC-E1D3-4796-8DD8-E3D389EDE439}.Debug|Any CPU.Build.0 = Debug|Any CPU
		{ECD527FC-E1D3-4796-8DD8-E3D389EDE439}.Release|Any CPU.ActiveCfg = Release|Any CPU
		{ECD527FC-E1D3-4796-8DD8-E3D389EDE439}.Release|Any CPU.Build.0 = Release|Any CPU
	EndGlobalSection
EndGlobal
