Microsoft Visual Studio Solution File, Format Version 12.00
# Visual Studio Version 17
VisualStudioVersion = 17.5.2.0
MinimumVisualStudioVersion = 10.0.40219.1
Project("{FAE04EC0-301F-11D3-BF4B-00C04F79EFBC}") = "dia4", "dia4.csproj", "{D8AF3419-7A39-E469-B261-26C3558F3425}"
EndProject
Global
	GlobalSection(SolutionConfigurationPlatforms) = preSolution
		Debug|Any CPU = Debug|Any CPU
		Release|Any CPU = Release|Any CPU
	EndGlobalSection
	GlobalSection(ProjectConfigurationPlatforms) = postSolution
		{D8AF3419-7A39-E469-B261-26C3558F3425}.Debug|Any CPU.ActiveCfg = Debug|Any CPU
		{D8AF3419-7A39-E469-B261-26C3558F3425}.Debug|Any CPU.Build.0 = Debug|Any CPU
		{D8AF3419-7A39-E469-B261-26C3558F3425}.Release|Any CPU.ActiveCfg = Release|Any CPU
		{D8AF3419-7A39-E469-B261-26C3558F3425}.Release|Any CPU.Build.0 = Release|Any CPU
	EndGlobalSection
	GlobalSection(SolutionProperties) = preSolution
		HideSolutionNode = FALSE
	EndGlobalSection
	GlobalSection(ExtensibilityGlobals) = postSolution
		SolutionGuid = {43E5DE2B-78F8-4182-A7EE-708A1A9395AC}
	EndGlobalSection
EndGlobal
